// !$*UTF8*$!
{
	archiveVersion = 1;
	classes = {
	};
	objectVersion = 56;
	objects = {

/* Begin PBXBuildFile section */
		3D0FF4032BE084F70078F31F /* menutimerApp.swift in Sources */ = {isa = PBXBuildFile; fileRef = 3D0FF4022BE084F70078F31F /* menutimerApp.swift */; };
		3D0FF4052BE084F70078F31F /* ContentView.swift in Sources */ = {isa = PBXBuildFile; fileRef = 3D0FF4042BE084F70078F31F /* ContentView.swift */; };
		3D0FF4092BE084F80078F31F /* Assets.xcassets in Resources */ = {isa = PBXBuildFile; fileRef = 3D0FF4082BE084F80078F31F /* Assets.xcassets */; };
		3D0FF40C2BE084F80078F31F /* Preview Assets.xcassets in Resources */ = {isa = PBXBuildFile; fileRef = 3D0FF40B2BE084F80078F31F /* Preview Assets.xcassets */; };
		3D0FF4152BE085C20078F31F /* ColorEXT.swift in Sources */ = {isa = PBXBuildFile; fileRef = 3D0FF4142BE085C20078F31F /* ColorEXT.swift */; };
		3D0FF4172BE085E30078F31F /* TimerViewModel.swift in Sources */ = {isa = PBXBuildFile; fileRef = 3D0FF4162BE085E30078F31F /* TimerViewModel.swift */; };
		3D0FF4192BE086070078F31F /* TabBar.swift in Sources */ = {isa = PBXBuildFile; fileRef = 3D0FF4182BE086070078F31F /* TabBar.swift */; };
		3D0FF41B2BE086230078F31F /* TitleBar.swift in Sources */ = {isa = PBXBuildFile; fileRef = 3D0FF41A2BE086230078F31F /* TitleBar.swift */; };
		3D0FF4212BE087EE0078F31F /* StartResetButtonStack.swift in Sources */ = {isa = PBXBuildFile; fileRef = 3D0FF4202BE087EE0078F31F /* StartResetButtonStack.swift */; };
		3D0FF4232BE097770078F31F /* TimePicker.swift in Sources */ = {isa = PBXBuildFile; fileRef = 3D0FF4222BE097770078F31F /* TimePicker.swift */; };
		3D0FF4272BE0AA010078F31F /* ProgressViews.swift in Sources */ = {isa = PBXBuildFile; fileRef = 3D0FF4262BE0AA010078F31F /* ProgressViews.swift */; };
		3D6F85092BE19F2B00C12B15 /* TabBar2.swift in Sources */ = {isa = PBXBuildFile; fileRef = 3D6F85082BE19F2B00C12B15 /* TabBar2.swift */; };
/* End PBXBuildFile section */

/* Begin PBXFileReference section */
		3D0FF3FF2BE084F70078F31F /* menutimer.app */ = {isa = PBXFileReference; explicitFileType = wrapper.application; includeInIndex = 0; path = menutimer.app; sourceTree = BUILT_PRODUCTS_DIR; };
		3D0FF4022BE084F70078F31F /* menutimerApp.swift */ = {isa = PBXFileReference; lastKnownFileType = sourcecode.swift; path = menutimerApp.swift; sourceTree = "<group>"; };
		3D0FF4042BE084F70078F31F /* ContentView.swift */ = {isa = PBXFileReference; lastKnownFileType = sourcecode.swift; path = ContentView.swift; sourceTree = "<group>"; };
		3D0FF4082BE084F80078F31F /* Assets.xcassets */ = {isa = PBXFileReference; lastKnownFileType = folder.assetcatalog; path = Assets.xcassets; sourceTree = "<group>"; };
		3D0FF40B2BE084F80078F31F /* Preview Assets.xcassets */ = {isa = PBXFileReference; lastKnownFileType = folder.assetcatalog; path = "Preview Assets.xcassets"; sourceTree = "<group>"; };
		3D0FF40D2BE084F80078F31F /* menutimer.entitlements */ = {isa = PBXFileReference; lastKnownFileType = text.plist.entitlements; path = menutimer.entitlements; sourceTree = "<group>"; };
		3D0FF4142BE085C20078F31F /* ColorEXT.swift */ = {isa = PBXFileReference; lastKnownFileType = sourcecode.swift; path = ColorEXT.swift; sourceTree = "<group>"; };
		3D0FF4162BE085E30078F31F /* TimerViewModel.swift */ = {isa = PBXFileReference; lastKnownFileType = sourcecode.swift; path = TimerViewModel.swift; sourceTree = "<group>"; };
		3D0FF4182BE086070078F31F /* TabBar.swift */ = {isa = PBXFileReference; lastKnownFileType = sourcecode.swift; path = TabBar.swift; sourceTree = "<group>"; };
		3D0FF41A2BE086230078F31F /* TitleBar.swift */ = {isa = PBXFileReference; lastKnownFileType = sourcecode.swift; path = TitleBar.swift; sourceTree = "<group>"; };
		3D0FF4202BE087EE0078F31F /* StartResetButtonStack.swift */ = {isa = PBXFileReference; lastKnownFileType = sourcecode.swift; path = StartResetButtonStack.swift; sourceTree = "<group>"; };
		3D0FF4222BE097770078F31F /* TimePicker.swift */ = {isa = PBXFileReference; lastKnownFileType = sourcecode.swift; path = TimePicker.swift; sourceTree = "<group>"; };
		3D0FF4262BE0AA010078F31F /* ProgressViews.swift */ = {isa = PBXFileReference; lastKnownFileType = sourcecode.swift; path = ProgressViews.swift; sourceTree = "<group>"; };
		3D6F85082BE19F2B00C12B15 /* TabBar2.swift */ = {isa = PBXFileReference; lastKnownFileType = sourcecode.swift; path = TabBar2.swift; sourceTree = "<group>"; };
/* End PBXFileReference section */

/* Begin PBXFrameworksBuildPhase section */
		3D0FF3FC2BE084F70078F31F /* Frameworks */ = {
			isa = PBXFrameworksBuildPhase;
			buildActionMask = 2147483647;
			files = (
			);
			runOnlyForDeploymentPostprocessing = 0;
		};
/* End PBXFrameworksBuildPhase section */

/* Begin PBXGroup section */
		3D0FF3F62BE084F70078F31F = {
			isa = PBXGroup;
			children = (
				3D0FF4012BE084F70078F31F /* menutimer */,
				3D0FF4002BE084F70078F31F /* Products */,
			);
			sourceTree = "<group>";
		};
		3D0FF4002BE084F70078F31F /* Products */ = {
			isa = PBXGroup;
			children = (
				3D0FF3FF2BE084F70078F31F /* menutimer.app */,
			);
			name = Products;
			sourceTree = "<group>";
		};
		3D0FF4012BE084F70078F31F /* menutimer */ = {
			isa = PBXGroup;
			children = (
				3D0FF4022BE084F70078F31F /* menutimerApp.swift */,
				3D0FF4132BE085B40078F31F /* EXT */,
				3D0FF41C2BE086DC0078F31F /* Views */,
				3D0FF4082BE084F80078F31F /* Assets.xcassets */,
				3D0FF40D2BE084F80078F31F /* menutimer.entitlements */,
				3D0FF40A2BE084F80078F31F /* Preview Content */,
			);
			path = menutimer;
			sourceTree = "<group>";
		};
		3D0FF40A2BE084F80078F31F /* Preview Content */ = {
			isa = PBXGroup;
			children = (
				3D0FF40B2BE084F80078F31F /* Preview Assets.xcassets */,
			);
			path = "Preview Content";
			sourceTree = "<group>";
		};
		3D0FF4132BE085B40078F31F /* EXT */ = {
			isa = PBXGroup;
			children = (
				3D0FF4142BE085C20078F31F /* ColorEXT.swift */,
				3D0FF4162BE085E30078F31F /* TimerViewModel.swift */,
			);
			path = EXT;
			sourceTree = "<group>";
		};
		3D0FF41C2BE086DC0078F31F /* Views */ = {
			isa = PBXGroup;
			children = (
				3D0FF4042BE084F70078F31F /* ContentView.swift */,
				3D0FF41D2BE086F60078F31F /* SubViews */,
			);
			path = Views;
			sourceTree = "<group>";
		};
		3D0FF41D2BE086F60078F31F /* SubViews */ = {
			isa = PBXGroup;
			children = (
				3D0FF4182BE086070078F31F /* TabBar.swift */,
				3D6F85082BE19F2B00C12B15 /* TabBar2.swift */,
				3D0FF41A2BE086230078F31F /* TitleBar.swift */,
				3D0FF4222BE097770078F31F /* TimePicker.swift */,
				3D0FF4202BE087EE0078F31F /* StartResetButtonStack.swift */,
				3D0FF4262BE0AA010078F31F /* ProgressViews.swift */,
			);
			path = SubViews;
			sourceTree = "<group>";
		};
/* End PBXGroup section */

/* Begin PBXNativeTarget section */
		3D0FF3FE2BE084F70078F31F /* menutimer */ = {
			isa = PBXNativeTarget;
			buildConfigurationList = 3D0FF4102BE084F80078F31F /* Build configuration list for PBXNativeTarget "menutimer" */;
			buildPhases = (
				3D0FF3FB2BE084F70078F31F /* Sources */,
				3D0FF3FC2BE084F70078F31F /* Frameworks */,
				3D0FF3FD2BE084F70078F31F /* Resources */,
			);
			buildRules = (
			);
			dependencies = (
			);
			name = menutimer;
			productName = menutimer;
			productReference = 3D0FF3FF2BE084F70078F31F /* menutimer.app */;
			productType = "com.apple.product-type.application";
		};
/* End PBXNativeTarget section */

/* Begin PBXProject section */
		3D0FF3F72BE084F70078F31F /* Project object */ = {
			isa = PBXProject;
			attributes = {
				BuildIndependentTargetsInParallel = 1;
				LastSwiftUpdateCheck = 1530;
				LastUpgradeCheck = 1530;
				TargetAttributes = {
					3D0FF3FE2BE084F70078F31F = {
						CreatedOnToolsVersion = 15.3;
					};
				};
			};
			buildConfigurationList = 3D0FF3FA2BE084F70078F31F /* Build configuration list for PBXProject "menutimer" */;
			compatibilityVersion = "Xcode 14.0";
			developmentRegion = en;
			hasScannedForEncodings = 0;
			knownRegions = (
				en,
				Base,
			);
			mainGroup = 3D0FF3F62BE084F70078F31F;
			productRefGroup = 3D0FF4002BE084F70078F31F /* Products */;
			projectDirPath = "";
			projectRoot = "";
			targets = (
				3D0FF3FE2BE084F70078F31F /* menutimer */,
			);
		};
/* End PBXProject section */

/* Begin PBXResourcesBuildPhase section */
		3D0FF3FD2BE084F70078F31F /* Resources */ = {
			isa = PBXResourcesBuildPhase;
			buildActionMask = 2147483647;
			files = (
				3D0FF40C2BE084F80078F31F /* Preview Assets.xcassets in Resources */,
				3D0FF4092BE084F80078F31F /* Assets.xcassets in Resources */,
			);
			runOnlyForDeploymentPostprocessing = 0;
		};
/* End PBXResourcesBuildPhase section */

/* Begin PBXSourcesBuildPhase section */
		3D0FF3FB2BE084F70078F31F /* Sources */ = {
			isa = PBXSourcesBuildPhase;
			buildActionMask = 2147483647;
			files = (
				3D0FF4212BE087EE0078F31F /* StartResetButtonStack.swift in Sources */,
				3D0FF4272BE0AA010078F31F /* ProgressViews.swift in Sources */,
				3D6F85092BE19F2B00C12B15 /* TabBar2.swift in Sources */,
				3D0FF4172BE085E30078F31F /* TimerViewModel.swift in Sources */,
				3D0FF4052BE084F70078F31F /* ContentView.swift in Sources */,
				3D0FF4152BE085C20078F31F /* ColorEXT.swift in Sources */,
				3D0FF41B2BE086230078F31F /* TitleBar.swift in Sources */,
				3D0FF4232BE097770078F31F /* TimePicker.swift in Sources */,
				3D0FF4192BE086070078F31F /* TabBar.swift in Sources */,
				3D0FF4032BE084F70078F31F /* menutimerApp.swift in Sources */,
			);
			runOnlyForDeploymentPostprocessing = 0;
		};
/* End PBXSourcesBuildPhase section */

/* Begin XCBuildConfiguration section */
		3D0FF40E2BE084F80078F31F /* Debug */ = {
			isa = XCBuildConfiguration;
			buildSettings = {
				ALWAYS_SEARCH_USER_PATHS = NO;
				ASSETCATALOG_COMPILER_GENERATE_SWIFT_ASSET_SYMBOL_EXTENSIONS = YES;
				CLANG_ANALYZER_NONNULL = YES;
				CLANG_ANALYZER_NUMBER_OBJECT_CONVERSION = YES_AGGRESSIVE;
				CLANG_CXX_LANGUAGE_STANDARD = "gnu++20";
				CLANG_ENABLE_MODULES = YES;
				CLANG_ENABLE_OBJC_ARC = YES;
				CLANG_ENABLE_OBJC_WEAK = YES;
				CLANG_WARN_BLOCK_CAPTURE_AUTORELEASING = YES;
				CLANG_WARN_BOOL_CONVERSION = YES;
				CLANG_WARN_COMMA = YES;
				CLANG_WARN_CONSTANT_CONVERSION = YES;
				CLANG_WARN_DEPRECATED_OBJC_IMPLEMENTATIONS = YES;
				CLANG_WARN_DIRECT_OBJC_ISA_USAGE = YES_ERROR;
				CLANG_WARN_DOCUMENTATION_COMMENTS = YES;
				CLANG_WARN_EMPTY_BODY = YES;
				CLANG_WARN_ENUM_CONVERSION = YES;
				CLANG_WARN_INFINITE_RECURSION = YES;
				CLANG_WARN_INT_CONVERSION = YES;
				CLANG_WARN_NON_LITERAL_NULL_CONVERSION = YES;
				CLANG_WARN_OBJC_IMPLICIT_RETAIN_SELF = YES;
				CLANG_WARN_OBJC_LITERAL_CONVERSION = YES;
				CLANG_WARN_OBJC_ROOT_CLASS = YES_ERROR;
				CLANG_WARN_QUOTED_INCLUDE_IN_FRAMEWORK_HEADER = YES;
				CLANG_WARN_RANGE_LOOP_ANALYSIS = YES;
				CLANG_WARN_STRICT_PROTOTYPES = YES;
				CLANG_WARN_SUSPICIOUS_MOVE = YES;
				CLANG_WARN_UNGUARDED_AVAILABILITY = YES_AGGRESSIVE;
				CLANG_WARN_UNREACHABLE_CODE = YES;
				CLANG_WARN__DUPLICATE_METHOD_MATCH = YES;
				COPY_PHASE_STRIP = NO;
				DEBUG_INFORMATION_FORMAT = dwarf;
				ENABLE_STRICT_OBJC_MSGSEND = YES;
				ENABLE_TESTABILITY = YES;
				ENABLE_USER_SCRIPT_SANDBOXING = YES;
				GCC_C_LANGUAGE_STANDARD = gnu17;
				GCC_DYNAMIC_NO_PIC = NO;
				GCC_NO_COMMON_BLOCKS = YES;
				GCC_OPTIMIZATION_LEVEL = 0;
				GCC_PREPROCESSOR_DEFINITIONS = (
					"DEBUG=1",
					"$(inherited)",
				);
				GCC_WARN_64_TO_32_BIT_CONVERSION = YES;
				GCC_WARN_ABOUT_RETURN_TYPE = YES_ERROR;
				GCC_WARN_UNDECLARED_SELECTOR = YES;
				GCC_WARN_UNINITIALIZED_AUTOS = YES_AGGRESSIVE;
				GCC_WARN_UNUSED_FUNCTION = YES;
				GCC_WARN_UNUSED_VARIABLE = YES;
				LOCALIZATION_PREFERS_STRING_CATALOGS = YES;
				MACOSX_DEPLOYMENT_TARGET = 14.4;
				MTL_ENABLE_DEBUG_INFO = INCLUDE_SOURCE;
				MTL_FAST_MATH = YES;
				ONLY_ACTIVE_ARCH = YES;
				SDKROOT = macosx;
				SWIFT_ACTIVE_COMPILATION_CONDITIONS = "DEBUG $(inherited)";
				SWIFT_OPTIMIZATION_LEVEL = "-Onone";
			};
			name = Debug;
		};
		3D0FF40F2BE084F80078F31F /* Release */ = {
			isa = XCBuildConfiguration;
			buildSettings = {
				ALWAYS_SEARCH_USER_PATHS = NO;
				ASSETCATALOG_COMPILER_GENERATE_SWIFT_ASSET_SYMBOL_EXTENSIONS = YES;
				CLANG_ANALYZER_NONNULL = YES;
				CLANG_ANALYZER_NUMBER_OBJECT_CONVERSION = YES_AGGRESSIVE;
				CLANG_CXX_LANGUAGE_STANDARD = "gnu++20";
				CLANG_ENABLE_MODULES = YES;
				CLANG_ENABLE_OBJC_ARC = YES;
				CLANG_ENABLE_OBJC_WEAK = YES;
				CLANG_WARN_BLOCK_CAPTURE_AUTORELEASING = YES;
				CLANG_WARN_BOOL_CONVERSION = YES;
				CLANG_WARN_COMMA = YES;
				CLANG_WARN_CONSTANT_CONVERSION = YES;
				CLANG_WARN_DEPRECATED_OBJC_IMPLEMENTATIONS = YES;
				CLANG_WARN_DIRECT_OBJC_ISA_USAGE = YES_ERROR;
				CLANG_WARN_DOCUMENTATION_COMMENTS = YES;
				CLANG_WARN_EMPTY_BODY = YES;
				CLANG_WARN_ENUM_CONVERSION = YES;
				CLANG_WARN_INFINITE_RECURSION = YES;
				CLANG_WARN_INT_CONVERSION = YES;
				CLANG_WARN_NON_LITERAL_NULL_CONVERSION = YES;
				CLANG_WARN_OBJC_IMPLICIT_RETAIN_SELF = YES;
				CLANG_WARN_OBJC_LITERAL_CONVERSION = YES;
				CLANG_WARN_OBJC_ROOT_CLASS = YES_ERROR;
				CLANG_WARN_QUOTED_INCLUDE_IN_FRAMEWORK_HEADER = YES;
				CLANG_WARN_RANGE_LOOP_ANALYSIS = YES;
				CLANG_WARN_STRICT_PROTOTYPES = YES;
				CLANG_WARN_SUSPICIOUS_MOVE = YES;
				CLANG_WARN_UNGUARDED_AVAILABILITY = YES_AGGRESSIVE;
				CLANG_WARN_UNREACHABLE_CODE = YES;
				CLANG_WARN__DUPLICATE_METHOD_MATCH = YES;
				COPY_PHASE_STRIP = NO;
				DEBUG_INFORMATION_FORMAT = "dwarf-with-dsym";
				ENABLE_NS_ASSERTIONS = NO;
				ENABLE_STRICT_OBJC_MSGSEND = YES;
				ENABLE_USER_SCRIPT_SANDBOXING = YES;
				GCC_C_LANGUAGE_STANDARD = gnu17;
				GCC_NO_COMMON_BLOCKS = YES;
				GCC_WARN_64_TO_32_BIT_CONVERSION = YES;
				GCC_WARN_ABOUT_RETURN_TYPE = YES_ERROR;
				GCC_WARN_UNDECLARED_SELECTOR = YES;
				GCC_WARN_UNINITIALIZED_AUTOS = YES_AGGRESSIVE;
				GCC_WARN_UNUSED_FUNCTION = YES;
				GCC_WARN_UNUSED_VARIABLE = YES;
				LOCALIZATION_PREFERS_STRING_CATALOGS = YES;
				MACOSX_DEPLOYMENT_TARGET = 14.4;
				MTL_ENABLE_DEBUG_INFO = NO;
				MTL_FAST_MATH = YES;
				SDKROOT = macosx;
				SWIFT_COMPILATION_MODE = wholemodule;
			};
			name = Release;
		};
		3D0FF4112BE084F80078F31F /* Debug */ = {
			isa = XCBuildConfiguration;
			buildSettings = {
				ASSETCATALOG_COMPILER_APPICON_NAME = AppIcon;
				ASSETCATALOG_COMPILER_GLOBAL_ACCENT_COLOR_NAME = AccentColor;
				CODE_SIGN_ENTITLEMENTS = menutimer/menutimer.entitlements;
				CODE_SIGN_STYLE = Automatic;
				COMBINE_HIDPI_IMAGES = YES;
				CURRENT_PROJECT_VERSION = 1;
				DEVELOPMENT_ASSET_PATHS = "\"menutimer/Preview Content\"";
				DEVELOPMENT_TEAM = 8TW2H559F9;
				ENABLE_HARDENED_RUNTIME = YES;
				ENABLE_PREVIEWS = YES;
				GENERATE_INFOPLIST_FILE = YES;
				INFOPLIST_KEY_NSHumanReadableCopyright = "";
				LD_RUNPATH_SEARCH_PATHS = (
					"$(inherited)",
					"@executable_path/../Frameworks",
				);
				MACOSX_DEPLOYMENT_TARGET = 14.0;
				MARKETING_VERSION = 1.0;
				PRODUCT_BUNDLE_IDENTIFIER = com.AlexRyan.menutimer;
				PRODUCT_NAME = "$(TARGET_NAME)";
				SWIFT_EMIT_LOC_STRINGS = YES;
				SWIFT_VERSION = 5.0;
			};
			name = Debug;
		};
		3D0FF4122BE084F80078F31F /* Release */ = {
			isa = XCBuildConfiguration;
			buildSettings = {
				ASSETCATALOG_COMPILER_APPICON_NAME = AppIcon;
				ASSETCATALOG_COMPILER_GLOBAL_ACCENT_COLOR_NAME = AccentColor;
				CODE_SIGN_ENTITLEMENTS = menutimer/menutimer.entitlements;
				CODE_SIGN_STYLE = Automatic;
				COMBINE_HIDPI_IMAGES = YES;
				CURRENT_PROJECT_VERSION = 1;
				DEVELOPMENT_ASSET_PATHS = "\"menutimer/Preview Content\"";
				DEVELOPMENT_TEAM = 8TW2H559F9;
				ENABLE_HARDENED_RUNTIME = YES;
				ENABLE_PREVIEWS = YES;
				GENERATE_INFOPLIST_FILE = YES;
				INFOPLIST_KEY_NSHumanReadableCopyright = "";
				LD_RUNPATH_SEARCH_PATHS = (
					"$(inherited)",
					"@executable_path/../Frameworks",
				);
				MACOSX_DEPLOYMENT_TARGET = 14.0;
				MARKETING_VERSION = 1.0;
				PRODUCT_BUNDLE_IDENTIFIER = com.AlexRyan.menutimer;
				PRODUCT_NAME = "$(TARGET_NAME)";
				SWIFT_EMIT_LOC_STRINGS = YES;
				SWIFT_VERSION = 5.0;
			};
			name = Release;
		};
/* End XCBuildConfiguration section */

/* Begin XCConfigurationList section */
		3D0FF3FA2BE084F70078F31F /* Build configuration list for PBXProject "menutimer" */ = {
			isa = XCConfigurationList;
			buildConfigurations = (
				3D0FF40E2BE084F80078F31F /* Debug */,
				3D0FF40F2BE084F80078F31F /* Release */,
			);
			defaultConfigurationIsVisible = 0;
			defaultConfigurationName = Release;
		};
		3D0FF4102BE084F80078F31F /* Build configuration list for PBXNativeTarget "menutimer" */ = {
			isa = XCConfigurationList;
			buildConfigurations = (
				3D0FF4112BE084F80078F31F /* Debug */,
				3D0FF4122BE084F80078F31F /* Release */,
			);
			defaultConfigurationIsVisible = 0;
			defaultConfigurationName = Release;
		};
/* End XCConfigurationList section */
	};
	rootObject = 3D0FF3F72BE084F70078F31F /* Project object */;
}
